
Microsoft Visual Studio Solution File, Format Version 12.00
# Visual Studio 2012
Project("{FAE04EC0-301F-11D3-BF4B-00C04F79EFBC}") = "etews", "Glow v1.3.4-cleaned.csproj", "{AD0CF017-9535-49E5-AF8E-7FD4E262DF12}"
EndProject
Global
	GlobalSection(SolutionConfigurationPlatforms) = preSolution
		Debug|Any CPU = Debug|Any CPU
		Release|Any CPU = Release|Any CPU
	EndGlobalSection
	GlobalSection(ProjectConfigurationPlatforms) = postSolution
		{AD0CF017-9535-49E5-AF8E-7FD4E262DF12}.Debug|Any CPU.ActiveCfg = Debug|Any CPU
		{AD0CF017-9535-49E5-AF8E-7FD4E262DF12}.Debug|Any CPU.Build.0 = Debug|Any CPU
		{AD0CF017-9535-49E5-AF8E-7FD4E262DF12}.Release|Any CPU.ActiveCfg = Release|Any CPU
		{AD0CF017-9535-49E5-AF8E-7FD4E262DF12}.Release|Any CPU.Build.0 = Release|Any CPU
	EndGlobalSection
	GlobalSection(SolutionProperties) = preSolution
		HideSolutionNode = FALSE
	EndGlobalSection
EndGlobal
